
Microsoft Visual Studio Solution File, Format Version 12.00
# Visual Studio Version 16
VisualStudioVersion = 16.0.29503.13
MinimumVisualStudioVersion = 10.0.40219.1
Project("{FAE04EC0-301F-11D3-BF4B-00C04F79EFBC}") = "WindowsServiceAIFailure", "WindowsServiceAIFailure.csproj", "{3D72E14C-4685-4DC1-A033-62CE6866AC55}"
EndProject
Project("{54435603-DBB4-11D2-8724-00A0C9A8B90C}") = "WindowsServiceAIFailureSetup", "WindowsServiceAIFailureSetup\WindowsServiceAIFailureSetup.vdproj", "{185D4BE4-F8C8-4D0D-8BA5-4328B37EA5CB}"
EndProject
Global
	GlobalSection(SolutionConfigurationPlatforms) = preSolution
		Debug|Any CPU = Debug|Any CPU
		Release|Any CPU = Release|Any CPU
	EndGlobalSection
	GlobalSection(ProjectConfigurationPlatforms) = postSolution
		{3D72E14C-4685-4DC1-A033-62CE6866AC55}.Debug|Any CPU.ActiveCfg = Debug|Any CPU
		{3D72E14C-4685-4DC1-A033-62CE6866AC55}.Debug|Any CPU.Build.0 = Debug|Any CPU
		{3D72E14C-4685-4DC1-A033-62CE6866AC55}.Release|Any CPU.ActiveCfg = Release|Any CPU
		{3D72E14C-4685-4DC1-A033-62CE6866AC55}.Release|Any CPU.Build.0 = Release|Any CPU
		{185D4BE4-F8C8-4D0D-8BA5-4328B37EA5CB}.Debug|Any CPU.ActiveCfg = Debug
		{185D4BE4-F8C8-4D0D-8BA5-4328B37EA5CB}.Debug|Any CPU.Build.0 = Debug
		{185D4BE4-F8C8-4D0D-8BA5-4328B37EA5CB}.Release|Any CPU.ActiveCfg = Release
		{185D4BE4-F8C8-4D0D-8BA5-4328B37EA5CB}.Release|Any CPU.Build.0 = Release
	EndGlobalSection
	GlobalSection(SolutionProperties) = preSolution
		HideSolutionNode = FALSE
	EndGlobalSection
	GlobalSection(ExtensibilityGlobals) = postSolution
		SolutionGuid = {E117C3A2-F280-4C91-B6AD-1A53287BBB89}
	EndGlobalSection
EndGlobal
